// !$*UTF8*$!
{
	archiveVersion = 1;
	classes = {
	};
	objectVersion = 48;
	objects = {

/* Begin PBXBuildFile section */
		793624FD1FEC43980062FE37 /* AppDelegate.swift in Sources */ = {isa = PBXBuildFile; fileRef = 793624FC1FEC43980062FE37 /* AppDelegate.swift */; };
		793624FF1FEC43980062FE37 /* ViewController.swift in Sources */ = {isa = PBXBuildFile; fileRef = 793624FE1FEC43980062FE37 /* ViewController.swift */; };
		793625021FEC43980062FE37 /* Main.storyboard in Resources */ = {isa = PBXBuildFile; fileRef = 793625001FEC43980062FE37 /* Main.storyboard */; };
		793625041FEC43980062FE37 /* Assets.xcassets in Resources */ = {isa = PBXBuildFile; fileRef = 793625031FEC43980062FE37 /* Assets.xcassets */; };
		793625071FEC43980062FE37 /* LaunchScreen.storyboard in Resources */ = {isa = PBXBuildFile; fileRef = 793625051FEC43980062FE37 /* LaunchScreen.storyboard */; };
		793625281FEC48D00062FE37 /* HappyFramework.framework in Frameworks */ = {isa = PBXBuildFile; fileRef = 793625271FEC48D00062FE37 /* HappyFramework.framework */; };
/* End PBXBuildFile section */

/* Begin PBXFileReference section */
		793624F91FEC43980062FE37 /* SimpleAppExample.app */ = {isa = PBXFileReference; explicitFileType = wrapper.application; includeInIndex = 0; path = SimpleAppExample.app; sourceTree = BUILT_PRODUCTS_DIR; };
		793624FC1FEC43980062FE37 /* AppDelegate.swift */ = {isa = PBXFileReference; lastKnownFileType = sourcecode.swift; path = AppDelegate.swift; sourceTree = "<group>"; };
		793624FE1FEC43980062FE37 /* ViewController.swift */ = {isa = PBXFileReference; lastKnownFileType = sourcecode.swift; path = ViewController.swift; sourceTree = "<group>"; };
		793625011FEC43980062FE37 /* Base */ = {isa = PBXFileReference; lastKnownFileType = file.storyboard; name = Base; path = Base.lproj/Main.storyboard; sourceTree = "<group>"; };
		793625031FEC43980062FE37 /* Assets.xcassets */ = {isa = PBXFileReference; lastKnownFileType = folder.assetcatalog; path = Assets.xcassets; sourceTree = "<group>"; };
		793625061FEC43980062FE37 /* Base */ = {isa = PBXFileReference; lastKnownFileType = file.storyboard; name = Base; path = Base.lproj/LaunchScreen.storyboard; sourceTree = "<group>"; };
		793625081FEC43980062FE37 /* Info.plist */ = {isa = PBXFileReference; lastKnownFileType = text.plist.xml; path = Info.plist; sourceTree = "<group>"; };
		793625271FEC48D00062FE37 /* HappyFramework.framework */ = {isa = PBXFileReference; lastKnownFileType = wrapper.framework; name = HappyFramework.framework; path = Carthage/Build/iOS/HappyFramework.framework; sourceTree = "<group>"; };
/* End PBXFileReference section */

/* Begin PBXFrameworksBuildPhase section */
		793624F61FEC43980062FE37 /* Frameworks */ = {
			isa = PBXFrameworksBuildPhase;
			buildActionMask = 2147483647;
			files = (
				793625281FEC48D00062FE37 /* HappyFramework.framework in Frameworks */,
			);
			runOnlyForDeploymentPostprocessing = 0;
		};
/* End PBXFrameworksBuildPhase section */

/* Begin PBXGroup section */
		793624F01FEC43980062FE37 = {
			isa = PBXGroup;
			children = (
				793624FB1FEC43980062FE37 /* SimpleAppExample */,
				793624FA1FEC43980062FE37 /* Products */,
				793625261FEC48D00062FE37 /* Frameworks */,
			);
			sourceTree = "<group>";
		};
		793624FA1FEC43980062FE37 /* Products */ = {
			isa = PBXGroup;
			children = (
				793624F91FEC43980062FE37 /* SimpleAppExample.app */,
			);
			name = Products;
			sourceTree = "<group>";
		};
		793624FB1FEC43980062FE37 /* SimpleAppExample */ = {
			isa = PBXGroup;
			children = (
				793624FC1FEC43980062FE37 /* AppDelegate.swift */,
				793624FE1FEC43980062FE37 /* ViewController.swift */,
				793625001FEC43980062FE37 /* Main.storyboard */,
				793625031FEC43980062FE37 /* Assets.xcassets */,
				793625051FEC43980062FE37 /* LaunchScreen.storyboard */,
				793625081FEC43980062FE37 /* Info.plist */,
			);
			path = SimpleAppExample;
			sourceTree = "<group>";
		};
		793625261FEC48D00062FE37 /* Frameworks */ = {
			isa = PBXGroup;
			children = (
				793625271FEC48D00062FE37 /* HappyFramework.framework */,
			);
			name = Frameworks;
			sourceTree = "<group>";
		};
/* End PBXGroup section */

/* Begin PBXNativeTarget section */
		793624F81FEC43980062FE37 /* SimpleAppExample */ = {
			isa = PBXNativeTarget;
			buildConfigurationList = 7936250B1FEC43980062FE37 /* Build configuration list for PBXNativeTarget "SimpleAppExample" */;
			buildPhases = (
				793624F51FEC43980062FE37 /* Sources */,
				793624F61FEC43980062FE37 /* Frameworks */,
				793624F71FEC43980062FE37 /* Resources */,
				793625251FEC48A40062FE37 /* ShellScript */,
			);
			buildRules = (
			);
			dependencies = (
			);
			name = SimpleAppExample;
			productName = SimpleAppExample;
			productReference = 793624F91FEC43980062FE37 /* SimpleAppExample.app */;
			productType = "com.apple.product-type.application";
		};
/* End PBXNativeTarget section */

/* Begin PBXProject section */
		793624F11FEC43980062FE37 /* Project object */ = {
			isa = PBXProject;
			attributes = {
				LastSwiftUpdateCheck = 0900;
				LastUpgradeCheck = 0900;
				ORGANIZATIONNAME = "Marek Mościchowski";
				TargetAttributes = {
					793624F81FEC43980062FE37 = {
						CreatedOnToolsVersion = 9.0;
						ProvisioningStyle = Automatic;
					};
				};
			};
			buildConfigurationList = 793624F41FEC43980062FE37 /* Build configuration list for PBXProject "SimpleAppExample" */;
			compatibilityVersion = "Xcode 8.0";
			developmentRegion = en;
			hasScannedForEncodings = 0;
			knownRegions = (
				en,
				Base,
			);
			mainGroup = 793624F01FEC43980062FE37;
			productRefGroup = 793624FA1FEC43980062FE37 /* Products */;
			projectDirPath = "";
			projectRoot = "";
			targets = (
				793624F81FEC43980062FE37 /* SimpleAppExample */,
			);
		};
/* End PBXProject section */

/* Begin PBXResourcesBuildPhase section */
		793624F71FEC43980062FE37 /* Resources */ = {
			isa = PBXResourcesBuildPhase;
			buildActionMask = 2147483647;
			files = (
				793625071FEC43980062FE37 /* LaunchScreen.storyboard in Resources */,
				793625041FEC43980062FE37 /* Assets.xcassets in Resources */,
				793625021FEC43980062FE37 /* Main.storyboard in Resources */,
			);
			runOnlyForDeploymentPostprocessing = 0;
		};
/* End PBXResourcesBuildPhase section */

/* Begin PBXShellScriptBuildPhase section */
		793625251FEC48A40062FE37 /* ShellScript */ = {
			isa = PBXShellScriptBuildPhase;
			buildActionMask = 2147483647;
			files = (
			);
			inputPaths = (
				"$(SRCROOT)/Carthage/Build/iOS/HappyFramework.framework",
			);
			outputPaths = (
			);
			runOnlyForDeploymentPostprocessing = 0;
			shellPath = /bin/sh;
			shellScript = "/usr/local/bin/carthage copy-frameworks";
		};
/* End PBXShellScriptBuildPhase section */

/* Begin PBXSourcesBuildPhase section */
		793624F51FEC43980062FE37 /* Sources */ = {
			isa = PBXSourcesBuildPhase;
			buildActionMask = 2147483647;
			files = (
				793624FF1FEC43980062FE37 /* ViewController.swift in Sources */,
				793624FD1FEC43980062FE37 /* AppDelegate.swift in Sources */,
			);
			runOnlyForDeploymentPostprocessing = 0;
		};
/* End PBXSourcesBuildPhase section */

/* Begin PBXVariantGroup section */
		793625001FEC43980062FE37 /* Main.storyboard */ = {
			isa = PBXVariantGroup;
			children = (
				793625011FEC43980062FE37 /* Base */,
			);
			name = Main.storyboard;
			sourceTree = "<group>";
		};
		793625051FEC43980062FE37 /* LaunchScreen.storyboard */ = {
			isa = PBXVariantGroup;
			children = (
				793625061FEC43980062FE37 /* Base */,
			);
			name = LaunchScreen.storyboard;
			sourceTree = "<group>";
		};
/* End PBXVariantGroup section */

/* Begin XCBuildConfiguration section */
		793625091FEC43980062FE37 /* Debug */ = {
			isa = XCBuildConfiguration;
			buildSettings = {
				ALWAYS_SEARCH_USER_PATHS = NO;
				CLANG_ANALYZER_NONNULL = YES;
				CLANG_ANALYZER_NUMBER_OBJECT_CONVERSION = YES_AGGRESSIVE;
				CLANG_CXX_LANGUAGE_STANDARD = "gnu++14";
				CLANG_CXX_LIBRARY = "libc++";
				CLANG_ENABLE_MODULES = YES;
				CLANG_ENABLE_OBJC_ARC = YES;
				CLANG_WARN_BLOCK_CAPTURE_AUTORELEASING = YES;
				CLANG_WARN_BOOL_CONVERSION = YES;
				CLANG_WARN_COMMA = YES;
				CLANG_WARN_CONSTANT_CONVERSION = YES;
				CLANG_WARN_DIRECT_OBJC_ISA_USAGE = YES_ERROR;
				CLANG_WARN_DOCUMENTATION_COMMENTS = YES;
				CLANG_WARN_EMPTY_BODY = YES;
				CLANG_WARN_ENUM_CONVERSION = YES;
				CLANG_WARN_INFINITE_RECURSION = YES;
				CLANG_WARN_INT_CONVERSION = YES;
				CLANG_WARN_NON_LITERAL_NULL_CONVERSION = YES;
				CLANG_WARN_OBJC_LITERAL_CONVERSION = YES;
				CLANG_WARN_OBJC_ROOT_CLASS = YES_ERROR;
				CLANG_WARN_RANGE_LOOP_ANALYSIS = YES;
				CLANG_WARN_STRICT_PROTOTYPES = YES;
				CLANG_WARN_SUSPICIOUS_MOVE = YES;
				CLANG_WARN_UNGUARDED_AVAILABILITY = YES_AGGRESSIVE;
				CLANG_WARN_UNREACHABLE_CODE = YES;
				CLANG_WARN__DUPLICATE_METHOD_MATCH = YES;
				CODE_SIGN_IDENTITY = "iPhone Developer";
				COPY_PHASE_STRIP = NO;
				DEBUG_INFORMATION_FORMAT = dwarf;
				ENABLE_STRICT_OBJC_MSGSEND = YES;
				ENABLE_TESTABILITY = YES;
				GCC_C_LANGUAGE_STANDARD = gnu11;
				GCC_DYNAMIC_NO_PIC = NO;
				GCC_NO_COMMON_BLOCKS = YES;
				GCC_OPTIMIZATION_LEVEL = 0;
				GCC_PREPROCESSOR_DEFINITIONS = (
					"DEBUG=1",
					"$(inherited)",
				);
				GCC_WARN_64_TO_32_BIT_CONVERSION = YES;
				GCC_WARN_ABOUT_RETURN_TYPE = YES_ERROR;
				GCC_WARN_UNDECLARED_SELECTOR = YES;
				GCC_WARN_UNINITIALIZED_AUTOS = YES_AGGRESSIVE;
				GCC_WARN_UNUSED_FUNCTION = YES;
				GCC_WARN_UNUSED_VARIABLE = YES;
				IPHONEOS_DEPLOYMENT_TARGET = 11.0;
				MTL_ENABLE_DEBUG_INFO = YES;
				ONLY_ACTIVE_ARCH = YES;
				SDKROOT = iphoneos;
				SWIFT_ACTIVE_COMPILATION_CONDITIONS = DEBUG;
				SWIFT_OPTIMIZATION_LEVEL = "-Onone";
			};
			name = Debug;
		};
		7936250A1FEC43980062FE37 /* Release */ = {
			isa = XCBuildConfiguration;
			buildSettings = {
				ALWAYS_SEARCH_USER_PATHS = NO;
				CLANG_ANALYZER_NONNULL = YES;
				CLANG_ANALYZER_NUMBER_OBJECT_CONVERSION = YES_AGGRESSIVE;
				CLANG_CXX_LANGUAGE_STANDARD = "gnu++14";
				CLANG_CXX_LIBRARY = "libc++";
				CLANG_ENABLE_MODULES = YES;
				CLANG_ENABLE_OBJC_ARC = YES;
				CLANG_WARN_BLOCK_CAPTURE_AUTORELEASING = YES;
				CLANG_WARN_BOOL_CONVERSION = YES;
				CLANG_WARN_COMMA = YES;
				CLANG_WARN_CONSTANT_CONVERSION = YES;
				CLANG_WARN_DIRECT_OBJC_ISA_USAGE = YES_ERROR;
				CLANG_WARN_DOCUMENTATION_COMMENTS = YES;
				CLANG_WARN_EMPTY_BODY = YES;
				CLANG_WARN_ENUM_CONVERSION = YES;
				CLANG_WARN_INFINITE_RECURSION = YES;
				CLANG_WARN_INT_CONVERSION = YES;
				CLANG_WARN_NON_LITERAL_NULL_CONVERSION = YES;
				CLANG_WARN_OBJC_LITERAL_CONVERSION = YES;
				CLANG_WARN_OBJC_ROOT_CLASS = YES_ERROR;
				CLANG_WARN_RANGE_LOOP_ANALYSIS = YES;
				CLANG_WARN_STRICT_PROTOTYPES = YES;
				CLANG_WARN_SUSPICIOUS_MOVE = YES;
				CLANG_WARN_UNGUARDED_AVAILABILITY = YES_AGGRESSIVE;
				CLANG_WARN_UNREACHABLE_CODE = YES;
				CLANG_WARN__DUPLICATE_METHOD_MATCH = YES;
				CODE_SIGN_IDENTITY = "iPhone Developer";
				COPY_PHASE_STRIP = NO;
				DEBUG_INFORMATION_FORMAT = "dwarf-with-dsym";
				ENABLE_NS_ASSERTIONS = NO;
				ENABLE_STRICT_OBJC_MSGSEND = YES;
				GCC_C_LANGUAGE_STANDARD = gnu11;
				GCC_NO_COMMON_BLOCKS = YES;
				GCC_WARN_64_TO_32_BIT_CONVERSION = YES;
				GCC_WARN_ABOUT_RETURN_TYPE = YES_ERROR;
				GCC_WARN_UNDECLARED_SELECTOR = YES;
				GCC_WARN_UNINITIALIZED_AUTOS = YES_AGGRESSIVE;
				GCC_WARN_UNUSED_FUNCTION = YES;
				GCC_WARN_UNUSED_VARIABLE = YES;
				IPHONEOS_DEPLOYMENT_TARGET = 11.0;
				MTL_ENABLE_DEBUG_INFO = NO;
				SDKROOT = iphoneos;
				SWIFT_OPTIMIZATION_LEVEL = "-Owholemodule";
				VALIDATE_PRODUCT = YES;
			};
			name = Release;
		};
		7936250C1FEC43980062FE37 /* Debug */ = {
			isa = XCBuildConfiguration;
			buildSettings = {
				ASSETCATALOG_COMPILER_APPICON_NAME = AppIcon;
				CODE_SIGN_STYLE = Automatic;
				DEVELOPMENT_TEAM = X6HK62UHTP;
				FRAMEWORK_SEARCH_PATHS = (
					"$(inherited)",
					"$(PROJECT_DIR)/Carthage/Build/iOS",
				);
				INFOPLIST_FILE = SimpleAppExample/Info.plist;
				LD_RUNPATH_SEARCH_PATHS = "$(inherited) @executable_path/Frameworks";
				PRODUCT_BUNDLE_IDENTIFIER = com.moscichowski.SimpleAppExample;
				PRODUCT_NAME = "$(TARGET_NAME)";
				SWIFT_VERSION = 4.0;
				TARGETED_DEVICE_FAMILY = "1,2";
			};
			name = Debug;
		};
		7936250D1FEC43980062FE37 /* Release */ = {
			isa = XCBuildConfiguration;
			buildSettings = {
				ASSETCATALOG_COMPILER_APPICON_NAME = AppIcon;
				CODE_SIGN_STYLE = Automatic;
				DEVELOPMENT_TEAM = X6HK62UHTP;
				FRAMEWORK_SEARCH_PATHS = (
					"$(inherited)",
					"$(PROJECT_DIR)/Carthage/Build/iOS",
				);
				INFOPLIST_FILE = SimpleAppExample/Info.plist;
				LD_RUNPATH_SEARCH_PATHS = "$(inherited) @executable_path/Frameworks";
				PRODUCT_BUNDLE_IDENTIFIER = com.moscichowski.SimpleAppExample;
				PRODUCT_NAME = "$(TARGET_NAME)";
				SWIFT_VERSION = 4.0;
				TARGETED_DEVICE_FAMILY = "1,2";
			};
			name = Release;
		};
/* End XCBuildConfiguration section */

/* Begin XCConfigurationList section */
		793624F41FEC43980062FE37 /* Build configuration list for PBXProject "SimpleAppExample" */ = {
			isa = XCConfigurationList;
			buildConfigurations = (
				793625091FEC43980062FE37 /* Debug */,
				7936250A1FEC43980062FE37 /* Release */,
			);
			defaultConfigurationIsVisible = 0;
			defaultConfigurationName = Release;
		};
		7936250B1FEC43980062FE37 /* Build configuration list for PBXNativeTarget "SimpleAppExample" */ = {
			isa = XCConfigurationList;
			buildConfigurations = (
				7936250C1FEC43980062FE37 /* Debug */,
				7936250D1FEC43980062FE37 /* Release */,
			);
			defaultConfigurationIsVisible = 0;
			defaultConfigurationName = Release;
		};
/* End XCConfigurationList section */
	};
	rootObject = 793624F11FEC43980062FE37 /* Project object */;
}
